
Microsoft Visual Studio Solution File, Format Version 12.00
# Visual Studio Version 16
VisualStudioVersion = 16.0.29215.179
MinimumVisualStudioVersion = 10.0.40219.1
Project("{8BC9CEB8-8B4A-11D0-8D11-00A0C91BC942}") = "ArrClass", "ArrClass\ArrClass.vcxproj", "{3C061B8E-088F-4B23-AF40-77169870D858}"
EndProject
Global
	GlobalSection(SolutionConfigurationPlatforms) = preSolution
		Debug|x64 = Debug|x64
		Debug|x86 = Debug|x86
		Release|x64 = Release|x64
		Release|x86 = Release|x86
	EndGlobalSection
	GlobalSection(ProjectConfigurationPlatforms) = postSolution
		{3C061B8E-088F-4B23-AF40-77169870D858}.Debug|x64.ActiveCfg = Debug|x64
		{3C061B8E-088F-4B23-AF40-77169870D858}.Debug|x64.Build.0 = Debug|x64
		{3C061B8E-088F-4B23-AF40-77169870D858}.Debug|x86.ActiveCfg = Debug|Win32
		{3C061B8E-088F-4B23-AF40-77169870D858}.Debug|x86.Build.0 = Debug|Win32
		{3C061B8E-088F-4B23-AF40-77169870D858}.Release|x64.ActiveCfg = Release|x64
		{3C061B8E-088F-4B23-AF40-77169870D858}.Release|x64.Build.0 = Release|x64
		{3C061B8E-088F-4B23-AF40-77169870D858}.Release|x86.ActiveCfg = Release|Win32
		{3C061B8E-088F-4B23-AF40-77169870D858}.Release|x86.Build.0 = Release|Win32
	EndGlobalSection
	GlobalSection(SolutionProperties) = preSolution
		HideSolutionNode = FALSE
	EndGlobalSection
	GlobalSection(ExtensibilityGlobals) = postSolution
		SolutionGuid = {04C83948-3610-4485-911E-468468168A58}
	EndGlobalSection
EndGlobal
